
Microsoft Visual Studio Solution File, Format Version 12.00
# Visual Studio Version 16
VisualStudioVersion = 16.0.30523.141
MinimumVisualStudioVersion = 10.0.40219.1
Project("{FAE04EC0-301F-11D3-BF4B-00C04F79EFBC}") = "Laborator1", "Laborator1.csproj", "{162C8DF1-D312-4672-8171-8A60FC146B26}"
EndProject
Global
	GlobalSection(SolutionConfigurationPlatforms) = preSolution
		Debug|Any CPU = Debug|Any CPU
		Release|Any CPU = Release|Any CPU
	EndGlobalSection
	GlobalSection(ProjectConfigurationPlatforms) = postSolution
		{162C8DF1-D312-4672-8171-8A60FC146B26}.Debug|Any CPU.ActiveCfg = Debug|Any CPU
		{162C8DF1-D312-4672-8171-8A60FC146B26}.Debug|Any CPU.Build.0 = Debug|Any CPU
		{162C8DF1-D312-4672-8171-8A60FC146B26}.Release|Any CPU.ActiveCfg = Release|Any CPU
		{162C8DF1-D312-4672-8171-8A60FC146B26}.Release|Any CPU.Build.0 = Release|Any CPU
	EndGlobalSection
	GlobalSection(SolutionProperties) = preSolution
		HideSolutionNode = FALSE
	EndGlobalSection
	GlobalSection(ExtensibilityGlobals) = postSolution
		SolutionGuid = {4FD87991-EE22-4750-93E9-8D27A1E09533}
	EndGlobalSection
EndGlobal
